// !$*UTF8*$!
{
	archiveVersion = 1;
	classes = {
	};
	objectVersion = 50;
	objects = {

/* Begin PBXBuildFile section */
		DC3BD48F20A3591D0043B49C /* WBAppDelegate.swift in Sources */ = {isa = PBXBuildFile; fileRef = DC3BD48E20A3591D0043B49C /* WBAppDelegate.swift */; };
		DC3BD49720A3591D0043B49C /* Pokemon_Tabletop_Adventure.xcdatamodeld in Sources */ = {isa = PBXBuildFile; fileRef = DC3BD49520A3591D0043B49C /* Pokemon_Tabletop_Adventure.xcdatamodeld */; };
		DC3BD49920A3591F0043B49C /* Assets.xcassets in Resources */ = {isa = PBXBuildFile; fileRef = DC3BD49820A3591F0043B49C /* Assets.xcassets */; };
		DC3BD49C20A3591F0043B49C /* LaunchScreen.storyboard in Resources */ = {isa = PBXBuildFile; fileRef = DC3BD49A20A3591F0043B49C /* LaunchScreen.storyboard */; };
		DC60F27620F3C33E00DF1C98 /* WBTabBarController.swift in Sources */ = {isa = PBXBuildFile; fileRef = DC60F27520F3C33E00DF1C98 /* WBTabBarController.swift */; };
		DC9E1DC520FFBDB2006D6B97 /* WBTrainerViewController.swift in Sources */ = {isa = PBXBuildFile; fileRef = DC9E1DC420FFBDB2006D6B97 /* WBTrainerViewController.swift */; };
		DC9E1DC720FFCE11006D6B97 /* WBTrainerViewModel.swift in Sources */ = {isa = PBXBuildFile; fileRef = DC9E1DC620FFCE11006D6B97 /* WBTrainerViewModel.swift */; };
		DC9E1DCC20FFD62A006D6B97 /* WBRandomPokémonViewControllerTests.swift in Sources */ = {isa = PBXBuildFile; fileRef = DC9E1DCB20FFD62A006D6B97 /* WBRandomPokémonViewControllerTests.swift */; };
		DC9E1DCF20FFD65E006D6B97 /* WBArrayTests.swift in Sources */ = {isa = PBXBuildFile; fileRef = DC9E1DCE20FFD65E006D6B97 /* WBArrayTests.swift */; };
		DC9E1DD020FFD96D006D6B97 /* Extensions.swift in Sources */ = {isa = PBXBuildFile; fileRef = DCB170B220F3529700BAA64D /* Extensions.swift */; };
		DCA38C41211053B600CA1A8E /* moves.json in Resources */ = {isa = PBXBuildFile; fileRef = DCA38C40211053B600CA1A8E /* moves.json */; };
		DCAB27C8210A7EDB00B8EFC7 /* WBOptionalTests.swift in Sources */ = {isa = PBXBuildFile; fileRef = DCAB27C7210A7EDB00B8EFC7 /* WBOptionalTests.swift */; };
		DCB170A220F2600B00BAA64D /* SnapKit.framework in Frameworks */ = {isa = PBXBuildFile; fileRef = DCB170A120F2600B00BAA64D /* SnapKit.framework */; };
		DCB170A620F2AF8600BAA64D /* WBPokémon.swift in Sources */ = {isa = PBXBuildFile; fileRef = DCB170A520F2AF8600BAA64D /* WBPokémon.swift */; };
		DCB170A920F2B4A400BAA64D /* WBJSON.swift in Sources */ = {isa = PBXBuildFile; fileRef = DCB170A820F2B4A400BAA64D /* WBJSON.swift */; };
		DCB170AD20F34E5500BAA64D /* WBRandomPokémonViewModel.swift in Sources */ = {isa = PBXBuildFile; fileRef = DCB170AC20F34E5500BAA64D /* WBRandomPokémonViewModel.swift */; };
		DCB170AF20F34E7F00BAA64D /* WBRandomPokémonViewController.swift in Sources */ = {isa = PBXBuildFile; fileRef = DCB170AE20F34E7F00BAA64D /* WBRandomPokémonViewController.swift */; };
		DCB170B120F34EFD00BAA64D /* WBBaseViewModel.swift in Sources */ = {isa = PBXBuildFile; fileRef = DCB170B020F34EFD00BAA64D /* WBBaseViewModel.swift */; };
		DCB170B320F3529700BAA64D /* Extensions.swift in Sources */ = {isa = PBXBuildFile; fileRef = DCB170B220F3529700BAA64D /* Extensions.swift */; };
		DCDA770A20EF5B9000BC0D55 /* WBBaseViewController.swift in Sources */ = {isa = PBXBuildFile; fileRef = DCDA770920EF5B9000BC0D55 /* WBBaseViewController.swift */; };
		DCDA770D20EF5E3A00BC0D55 /* pokédex.json in Resources */ = {isa = PBXBuildFile; fileRef = DCDA770C20EF5E3A00BC0D55 /* pokédex.json */; };
/* End PBXBuildFile section */

/* Begin PBXContainerItemProxy section */
		DC3BD4A320A3591F0043B49C /* PBXContainerItemProxy */ = {
			isa = PBXContainerItemProxy;
			containerPortal = DC3BD48320A3591D0043B49C /* Project object */;
			proxyType = 1;
			remoteGlobalIDString = DC3BD48A20A3591D0043B49C;
			remoteInfo = "Pokemon Tabletop Adventure";
		};
		DC3BD4AE20A3591F0043B49C /* PBXContainerItemProxy */ = {
			isa = PBXContainerItemProxy;
			containerPortal = DC3BD48320A3591D0043B49C /* Project object */;
			proxyType = 1;
			remoteGlobalIDString = DC3BD48A20A3591D0043B49C;
			remoteInfo = "Pokemon Tabletop Adventure";
		};
/* End PBXContainerItemProxy section */

/* Begin PBXFileReference section */
		DC3BD48B20A3591D0043B49C /* Pokemon Tabletop Adventure.app */ = {isa = PBXFileReference; explicitFileType = wrapper.application; includeInIndex = 0; path = "Pokemon Tabletop Adventure.app"; sourceTree = BUILT_PRODUCTS_DIR; };
		DC3BD48E20A3591D0043B49C /* WBAppDelegate.swift */ = {isa = PBXFileReference; lastKnownFileType = sourcecode.swift; path = WBAppDelegate.swift; sourceTree = "<group>"; };
		DC3BD49620A3591D0043B49C /* Pokemon_Tabletop_Adventure.xcdatamodel */ = {isa = PBXFileReference; lastKnownFileType = wrapper.xcdatamodel; path = Pokemon_Tabletop_Adventure.xcdatamodel; sourceTree = "<group>"; };
		DC3BD49820A3591F0043B49C /* Assets.xcassets */ = {isa = PBXFileReference; lastKnownFileType = folder.assetcatalog; path = Assets.xcassets; sourceTree = "<group>"; };
		DC3BD49B20A3591F0043B49C /* Base */ = {isa = PBXFileReference; lastKnownFileType = file.storyboard; name = Base; path = Base.lproj/LaunchScreen.storyboard; sourceTree = "<group>"; };
		DC3BD49D20A3591F0043B49C /* Info.plist */ = {isa = PBXFileReference; lastKnownFileType = text.plist.xml; path = Info.plist; sourceTree = "<group>"; };
		DC3BD4A220A3591F0043B49C /* Pokemon Tabletop AdventureTests.xctest */ = {isa = PBXFileReference; explicitFileType = wrapper.cfbundle; includeInIndex = 0; path = "Pokemon Tabletop AdventureTests.xctest"; sourceTree = BUILT_PRODUCTS_DIR; };
		DC3BD4A820A3591F0043B49C /* Info.plist */ = {isa = PBXFileReference; lastKnownFileType = text.plist.xml; path = Info.plist; sourceTree = "<group>"; };
		DC3BD4AD20A3591F0043B49C /* Pokemon Tabletop AdventureUITests.xctest */ = {isa = PBXFileReference; explicitFileType = wrapper.cfbundle; includeInIndex = 0; path = "Pokemon Tabletop AdventureUITests.xctest"; sourceTree = BUILT_PRODUCTS_DIR; };
		DC3BD4B320A3591F0043B49C /* Info.plist */ = {isa = PBXFileReference; lastKnownFileType = text.plist.xml; path = Info.plist; sourceTree = "<group>"; };
		DC60F27520F3C33E00DF1C98 /* WBTabBarController.swift */ = {isa = PBXFileReference; lastKnownFileType = sourcecode.swift; path = WBTabBarController.swift; sourceTree = "<group>"; };
		DC9E1DC420FFBDB2006D6B97 /* WBTrainerViewController.swift */ = {isa = PBXFileReference; lastKnownFileType = sourcecode.swift; path = WBTrainerViewController.swift; sourceTree = "<group>"; };
		DC9E1DC620FFCE11006D6B97 /* WBTrainerViewModel.swift */ = {isa = PBXFileReference; lastKnownFileType = sourcecode.swift; path = WBTrainerViewModel.swift; sourceTree = "<group>"; };
		DC9E1DCB20FFD62A006D6B97 /* WBRandomPokémonViewControllerTests.swift */ = {isa = PBXFileReference; lastKnownFileType = sourcecode.swift; path = "WBRandomPokémonViewControllerTests.swift"; sourceTree = "<group>"; };
		DC9E1DCE20FFD65E006D6B97 /* WBArrayTests.swift */ = {isa = PBXFileReference; lastKnownFileType = sourcecode.swift; path = WBArrayTests.swift; sourceTree = "<group>"; };
		DCA38C40211053B600CA1A8E /* moves.json */ = {isa = PBXFileReference; fileEncoding = 4; lastKnownFileType = text.json; path = moves.json; sourceTree = "<group>"; };
		DCAB27C7210A7EDB00B8EFC7 /* WBOptionalTests.swift */ = {isa = PBXFileReference; lastKnownFileType = sourcecode.swift; path = WBOptionalTests.swift; sourceTree = "<group>"; };
		DCB170A120F2600B00BAA64D /* SnapKit.framework */ = {isa = PBXFileReference; lastKnownFileType = wrapper.framework; name = SnapKit.framework; path = Carthage/Build/iOS/SnapKit.framework; sourceTree = SOURCE_ROOT; };
		DCB170A520F2AF8600BAA64D /* WBPokémon.swift */ = {isa = PBXFileReference; lastKnownFileType = sourcecode.swift; path = "WBPokémon.swift"; sourceTree = "<group>"; };
		DCB170A820F2B4A400BAA64D /* WBJSON.swift */ = {isa = PBXFileReference; lastKnownFileType = sourcecode.swift; path = WBJSON.swift; sourceTree = "<group>"; };
		DCB170AC20F34E5500BAA64D /* WBRandomPokémonViewModel.swift */ = {isa = PBXFileReference; lastKnownFileType = sourcecode.swift; path = "WBRandomPokémonViewModel.swift"; sourceTree = "<group>"; };
		DCB170AE20F34E7F00BAA64D /* WBRandomPokémonViewController.swift */ = {isa = PBXFileReference; lastKnownFileType = sourcecode.swift; path = "WBRandomPokémonViewController.swift"; sourceTree = "<group>"; };
		DCB170B020F34EFD00BAA64D /* WBBaseViewModel.swift */ = {isa = PBXFileReference; lastKnownFileType = sourcecode.swift; path = WBBaseViewModel.swift; sourceTree = "<group>"; };
		DCB170B220F3529700BAA64D /* Extensions.swift */ = {isa = PBXFileReference; lastKnownFileType = sourcecode.swift; path = Extensions.swift; sourceTree = "<group>"; };
		DCDA770920EF5B9000BC0D55 /* WBBaseViewController.swift */ = {isa = PBXFileReference; lastKnownFileType = sourcecode.swift; path = WBBaseViewController.swift; sourceTree = "<group>"; };
		DCDA770C20EF5E3A00BC0D55 /* pokédex.json */ = {isa = PBXFileReference; fileEncoding = 4; lastKnownFileType = text.json; path = "pokédex.json"; sourceTree = "<group>"; };
/* End PBXFileReference section */

/* Begin PBXFrameworksBuildPhase section */
		DC3BD48820A3591D0043B49C /* Frameworks */ = {
			isa = PBXFrameworksBuildPhase;
			buildActionMask = 2147483647;
			files = (
				DCB170A220F2600B00BAA64D /* SnapKit.framework in Frameworks */,
			);
			runOnlyForDeploymentPostprocessing = 0;
		};
		DC3BD49F20A3591F0043B49C /* Frameworks */ = {
			isa = PBXFrameworksBuildPhase;
			buildActionMask = 2147483647;
			files = (
			);
			runOnlyForDeploymentPostprocessing = 0;
		};
		DC3BD4AA20A3591F0043B49C /* Frameworks */ = {
			isa = PBXFrameworksBuildPhase;
			buildActionMask = 2147483647;
			files = (
			);
			runOnlyForDeploymentPostprocessing = 0;
		};
/* End PBXFrameworksBuildPhase section */

/* Begin PBXGroup section */
		DC3BD48220A3591D0043B49C = {
			isa = PBXGroup;
			children = (
				DC3BD48D20A3591D0043B49C /* Pokemon Tabletop Adventure */,
				DC3BD4A520A3591F0043B49C /* Pokemon Tabletop AdventureTests */,
				DC3BD4B020A3591F0043B49C /* Pokemon Tabletop AdventureUITests */,
				DC3BD48C20A3591D0043B49C /* Products */,
			);
			sourceTree = "<group>";
		};
		DC3BD48C20A3591D0043B49C /* Products */ = {
			isa = PBXGroup;
			children = (
				DC3BD48B20A3591D0043B49C /* Pokemon Tabletop Adventure.app */,
				DC3BD4A220A3591F0043B49C /* Pokemon Tabletop AdventureTests.xctest */,
				DC3BD4AD20A3591F0043B49C /* Pokemon Tabletop AdventureUITests.xctest */,
			);
			name = Products;
			sourceTree = "<group>";
		};
		DC3BD48D20A3591D0043B49C /* Pokemon Tabletop Adventure */ = {
			isa = PBXGroup;
			children = (
				DCB170A720F2B48600BAA64D /* Utilities */,
				DCB170A420F2AF7000BAA64D /* Data Models */,
				DCDA770820EF5B6800BC0D55 /* View Controllers */,
				DCB170AA20F34E1600BAA64D /* View Models */,
				DCB170A020F25FF400BAA64D /* Frameworks */,
				DCDA770720EF5B5D00BC0D55 /* Supporting Files */,
			);
			path = "Pokemon Tabletop Adventure";
			sourceTree = "<group>";
		};
		DC3BD4A520A3591F0043B49C /* Pokemon Tabletop AdventureTests */ = {
			isa = PBXGroup;
			children = (
				DC9E1DC820FFD5CD006D6B97 /* Utilities */,
				DCDA771020EF5E8C00BC0D55 /* View Controllers */,
				DCDA770E20EF5E7900BC0D55 /* Supporting Files */,
			);
			path = "Pokemon Tabletop AdventureTests";
			sourceTree = "<group>";
		};
		DC3BD4B020A3591F0043B49C /* Pokemon Tabletop AdventureUITests */ = {
			isa = PBXGroup;
			children = (
				DCDA770F20EF5E8300BC0D55 /* Supporting Files */,
			);
			path = "Pokemon Tabletop AdventureUITests";
			sourceTree = "<group>";
		};
		DC9E1DC820FFD5CD006D6B97 /* Utilities */ = {
			isa = PBXGroup;
			children = (
				DC9E1DCD20FFD648006D6B97 /* Extensions */,
			);
			path = Utilities;
			sourceTree = "<group>";
		};
		DC9E1DCD20FFD648006D6B97 /* Extensions */ = {
			isa = PBXGroup;
			children = (
				DC9E1DCE20FFD65E006D6B97 /* WBArrayTests.swift */,
				DCAB27C7210A7EDB00B8EFC7 /* WBOptionalTests.swift */,
			);
			path = Extensions;
			sourceTree = "<group>";
		};
		DCB170A020F25FF400BAA64D /* Frameworks */ = {
			isa = PBXGroup;
			children = (
				DCB170A120F2600B00BAA64D /* SnapKit.framework */,
			);
			path = Frameworks;
			sourceTree = "<group>";
		};
		DCB170A420F2AF7000BAA64D /* Data Models */ = {
			isa = PBXGroup;
			children = (
				DCB170A520F2AF8600BAA64D /* WBPokémon.swift */,
			);
			path = "Data Models";
			sourceTree = "<group>";
		};
		DCB170A720F2B48600BAA64D /* Utilities */ = {
			isa = PBXGroup;
			children = (
				DC3BD48E20A3591D0043B49C /* WBAppDelegate.swift */,
				DCB170A820F2B4A400BAA64D /* WBJSON.swift */,
				DCB170B220F3529700BAA64D /* Extensions.swift */,
			);
			path = Utilities;
			sourceTree = "<group>";
		};
		DCB170AA20F34E1600BAA64D /* View Models */ = {
			isa = PBXGroup;
			children = (
				DCB170B020F34EFD00BAA64D /* WBBaseViewModel.swift */,
				DCB170AC20F34E5500BAA64D /* WBRandomPokémonViewModel.swift */,
				DC9E1DC620FFCE11006D6B97 /* WBTrainerViewModel.swift */,
			);
			path = "View Models";
			sourceTree = "<group>";
		};
		DCDA770720EF5B5D00BC0D55 /* Supporting Files */ = {
			isa = PBXGroup;
			children = (
				DCDA770B20EF5E3A00BC0D55 /* JSON */,
				DC3BD49820A3591F0043B49C /* Assets.xcassets */,
				DC3BD49A20A3591F0043B49C /* LaunchScreen.storyboard */,
				DC3BD49D20A3591F0043B49C /* Info.plist */,
				DC3BD49520A3591D0043B49C /* Pokemon_Tabletop_Adventure.xcdatamodeld */,
			);
			path = "Supporting Files";
			sourceTree = "<group>";
		};
		DCDA770820EF5B6800BC0D55 /* View Controllers */ = {
			isa = PBXGroup;
			children = (
				DCDA770920EF5B9000BC0D55 /* WBBaseViewController.swift */,
				DCB170AE20F34E7F00BAA64D /* WBRandomPokémonViewController.swift */,
				DC60F27520F3C33E00DF1C98 /* WBTabBarController.swift */,
				DC9E1DC420FFBDB2006D6B97 /* WBTrainerViewController.swift */,
			);
			path = "View Controllers";
			sourceTree = "<group>";
		};
		DCDA770B20EF5E3A00BC0D55 /* JSON */ = {
			isa = PBXGroup;
			children = (
				DCA38C40211053B600CA1A8E /* moves.json */,
				DCDA770C20EF5E3A00BC0D55 /* pokédex.json */,
			);
			path = JSON;
			sourceTree = "<group>";
		};
		DCDA770E20EF5E7900BC0D55 /* Supporting Files */ = {
			isa = PBXGroup;
			children = (
				DC3BD4A820A3591F0043B49C /* Info.plist */,
			);
			path = "Supporting Files";
			sourceTree = "<group>";
		};
		DCDA770F20EF5E8300BC0D55 /* Supporting Files */ = {
			isa = PBXGroup;
			children = (
				DC3BD4B320A3591F0043B49C /* Info.plist */,
			);
			path = "Supporting Files";
			sourceTree = "<group>";
		};
		DCDA771020EF5E8C00BC0D55 /* View Controllers */ = {
			isa = PBXGroup;
			children = (
				DC9E1DCB20FFD62A006D6B97 /* WBRandomPokémonViewControllerTests.swift */,
			);
			path = "View Controllers";
			sourceTree = "<group>";
		};
/* End PBXGroup section */

/* Begin PBXNativeTarget section */
		DC3BD48A20A3591D0043B49C /* Pokemon Tabletop Adventure */ = {
			isa = PBXNativeTarget;
			buildConfigurationList = DC3BD4B620A3591F0043B49C /* Build configuration list for PBXNativeTarget "Pokemon Tabletop Adventure" */;
			buildPhases = (
				DC3BD48720A3591D0043B49C /* Sources */,
				DC3BD48820A3591D0043B49C /* Frameworks */,
				DC3BD48920A3591D0043B49C /* Resources */,
				DCB170A320F2622500BAA64D /* ShellScript */,
			);
			buildRules = (
			);
			dependencies = (
			);
			name = "Pokemon Tabletop Adventure";
			productName = "Pokemon Tabletop Adventure";
			productReference = DC3BD48B20A3591D0043B49C /* Pokemon Tabletop Adventure.app */;
			productType = "com.apple.product-type.application";
		};
		DC3BD4A120A3591F0043B49C /* Pokemon Tabletop AdventureTests */ = {
			isa = PBXNativeTarget;
			buildConfigurationList = DC3BD4B920A3591F0043B49C /* Build configuration list for PBXNativeTarget "Pokemon Tabletop AdventureTests" */;
			buildPhases = (
				DC3BD49E20A3591F0043B49C /* Sources */,
				DC3BD49F20A3591F0043B49C /* Frameworks */,
				DC3BD4A020A3591F0043B49C /* Resources */,
			);
			buildRules = (
			);
			dependencies = (
				DC3BD4A420A3591F0043B49C /* PBXTargetDependency */,
			);
			name = "Pokemon Tabletop AdventureTests";
			productName = "Pokemon Tabletop AdventureTests";
			productReference = DC3BD4A220A3591F0043B49C /* Pokemon Tabletop AdventureTests.xctest */;
			productType = "com.apple.product-type.bundle.unit-test";
		};
		DC3BD4AC20A3591F0043B49C /* Pokemon Tabletop AdventureUITests */ = {
			isa = PBXNativeTarget;
			buildConfigurationList = DC3BD4BC20A3591F0043B49C /* Build configuration list for PBXNativeTarget "Pokemon Tabletop AdventureUITests" */;
			buildPhases = (
				DC3BD4A920A3591F0043B49C /* Sources */,
				DC3BD4AA20A3591F0043B49C /* Frameworks */,
				DC3BD4AB20A3591F0043B49C /* Resources */,
			);
			buildRules = (
			);
			dependencies = (
				DC3BD4AF20A3591F0043B49C /* PBXTargetDependency */,
			);
			name = "Pokemon Tabletop AdventureUITests";
			productName = "Pokemon Tabletop AdventureUITests";
			productReference = DC3BD4AD20A3591F0043B49C /* Pokemon Tabletop AdventureUITests.xctest */;
			productType = "com.apple.product-type.bundle.ui-testing";
		};
/* End PBXNativeTarget section */

/* Begin PBXProject section */
		DC3BD48320A3591D0043B49C /* Project object */ = {
			isa = PBXProject;
			attributes = {
				CLASSPREFIX = WB;
				LastSwiftUpdateCheck = 0930;
				LastUpgradeCheck = 0930;
				ORGANIZATIONNAME = WeatherBear;
				TargetAttributes = {
					DC3BD48A20A3591D0043B49C = {
						CreatedOnToolsVersion = 9.3;
					};
					DC3BD4A120A3591F0043B49C = {
						CreatedOnToolsVersion = 9.3;
						TestTargetID = DC3BD48A20A3591D0043B49C;
					};
					DC3BD4AC20A3591F0043B49C = {
						CreatedOnToolsVersion = 9.3;
						TestTargetID = DC3BD48A20A3591D0043B49C;
					};
				};
			};
			buildConfigurationList = DC3BD48620A3591D0043B49C /* Build configuration list for PBXProject "Pokemon Tabletop Adventure" */;
			compatibilityVersion = "Xcode 9.3";
			developmentRegion = en;
			hasScannedForEncodings = 0;
			knownRegions = (
				en,
				Base,
			);
			mainGroup = DC3BD48220A3591D0043B49C;
			productRefGroup = DC3BD48C20A3591D0043B49C /* Products */;
			projectDirPath = "";
			projectRoot = "";
			targets = (
				DC3BD48A20A3591D0043B49C /* Pokemon Tabletop Adventure */,
				DC3BD4A120A3591F0043B49C /* Pokemon Tabletop AdventureTests */,
				DC3BD4AC20A3591F0043B49C /* Pokemon Tabletop AdventureUITests */,
			);
		};
/* End PBXProject section */

/* Begin PBXResourcesBuildPhase section */
		DC3BD48920A3591D0043B49C /* Resources */ = {
			isa = PBXResourcesBuildPhase;
			buildActionMask = 2147483647;
			files = (
				DCA38C41211053B600CA1A8E /* moves.json in Resources */,
				DCDA770D20EF5E3A00BC0D55 /* pokédex.json in Resources */,
				DC3BD49C20A3591F0043B49C /* LaunchScreen.storyboard in Resources */,
				DC3BD49920A3591F0043B49C /* Assets.xcassets in Resources */,
			);
			runOnlyForDeploymentPostprocessing = 0;
		};
		DC3BD4A020A3591F0043B49C /* Resources */ = {
			isa = PBXResourcesBuildPhase;
			buildActionMask = 2147483647;
			files = (
			);
			runOnlyForDeploymentPostprocessing = 0;
		};
		DC3BD4AB20A3591F0043B49C /* Resources */ = {
			isa = PBXResourcesBuildPhase;
			buildActionMask = 2147483647;
			files = (
			);
			runOnlyForDeploymentPostprocessing = 0;
		};
/* End PBXResourcesBuildPhase section */

/* Begin PBXShellScriptBuildPhase section */
		DCB170A320F2622500BAA64D /* ShellScript */ = {
			isa = PBXShellScriptBuildPhase;
			buildActionMask = 2147483647;
			files = (
			);
			inputPaths = (
				"$(SRCROOT)/Carthage/Build/iOS/SnapKit.framework",
			);
			outputPaths = (
			);
			runOnlyForDeploymentPostprocessing = 0;
			shellPath = /bin/sh;
			shellScript = "/usr/local/bin/carthage copy-frameworks\n";
		};
/* End PBXShellScriptBuildPhase section */

/* Begin PBXSourcesBuildPhase section */
		DC3BD48720A3591D0043B49C /* Sources */ = {
			isa = PBXSourcesBuildPhase;
			buildActionMask = 2147483647;
			files = (
				DCB170B120F34EFD00BAA64D /* WBBaseViewModel.swift in Sources */,
				DCB170B320F3529700BAA64D /* Extensions.swift in Sources */,
				DCB170AF20F34E7F00BAA64D /* WBRandomPokémonViewController.swift in Sources */,
				DCB170AD20F34E5500BAA64D /* WBRandomPokémonViewModel.swift in Sources */,
				DC9E1DC520FFBDB2006D6B97 /* WBTrainerViewController.swift in Sources */,
				DC9E1DC720FFCE11006D6B97 /* WBTrainerViewModel.swift in Sources */,
				DC3BD49720A3591D0043B49C /* Pokemon_Tabletop_Adventure.xcdatamodeld in Sources */,
				DCB170A920F2B4A400BAA64D /* WBJSON.swift in Sources */,
				DCB170A620F2AF8600BAA64D /* WBPokémon.swift in Sources */,
				DCDA770A20EF5B9000BC0D55 /* WBBaseViewController.swift in Sources */,
				DC60F27620F3C33E00DF1C98 /* WBTabBarController.swift in Sources */,
				DC3BD48F20A3591D0043B49C /* WBAppDelegate.swift in Sources */,
			);
			runOnlyForDeploymentPostprocessing = 0;
		};
		DC3BD49E20A3591F0043B49C /* Sources */ = {
			isa = PBXSourcesBuildPhase;
			buildActionMask = 2147483647;
			files = (
				DC9E1DCF20FFD65E006D6B97 /* WBArrayTests.swift in Sources */,
				DC9E1DD020FFD96D006D6B97 /* Extensions.swift in Sources */,
				DCAB27C8210A7EDB00B8EFC7 /* WBOptionalTests.swift in Sources */,
				DC9E1DCC20FFD62A006D6B97 /* WBRandomPokémonViewControllerTests.swift in Sources */,
			);
			runOnlyForDeploymentPostprocessing = 0;
		};
		DC3BD4A920A3591F0043B49C /* Sources */ = {
			isa = PBXSourcesBuildPhase;
			buildActionMask = 2147483647;
			files = (
			);
			runOnlyForDeploymentPostprocessing = 0;
		};
/* End PBXSourcesBuildPhase section */

/* Begin PBXTargetDependency section */
		DC3BD4A420A3591F0043B49C /* PBXTargetDependency */ = {
			isa = PBXTargetDependency;
			target = DC3BD48A20A3591D0043B49C /* Pokemon Tabletop Adventure */;
			targetProxy = DC3BD4A320A3591F0043B49C /* PBXContainerItemProxy */;
		};
		DC3BD4AF20A3591F0043B49C /* PBXTargetDependency */ = {
			isa = PBXTargetDependency;
			target = DC3BD48A20A3591D0043B49C /* Pokemon Tabletop Adventure */;
			targetProxy = DC3BD4AE20A3591F0043B49C /* PBXContainerItemProxy */;
		};
/* End PBXTargetDependency section */

/* Begin PBXVariantGroup section */
		DC3BD49A20A3591F0043B49C /* LaunchScreen.storyboard */ = {
			isa = PBXVariantGroup;
			children = (
				DC3BD49B20A3591F0043B49C /* Base */,
			);
			name = LaunchScreen.storyboard;
			sourceTree = "<group>";
		};
/* End PBXVariantGroup section */

/* Begin XCBuildConfiguration section */
		DC3BD4B420A3591F0043B49C /* Debug */ = {
			isa = XCBuildConfiguration;
			buildSettings = {
				ALWAYS_SEARCH_USER_PATHS = NO;
				CLANG_ANALYZER_NONNULL = YES;
				CLANG_ANALYZER_NUMBER_OBJECT_CONVERSION = YES_AGGRESSIVE;
				CLANG_CXX_LANGUAGE_STANDARD = "gnu++14";
				CLANG_CXX_LIBRARY = "libc++";
				CLANG_ENABLE_MODULES = YES;
				CLANG_ENABLE_OBJC_ARC = YES;
				CLANG_ENABLE_OBJC_WEAK = YES;
				CLANG_WARN_BLOCK_CAPTURE_AUTORELEASING = YES;
				CLANG_WARN_BOOL_CONVERSION = YES;
				CLANG_WARN_COMMA = YES;
				CLANG_WARN_CONSTANT_CONVERSION = YES;
				CLANG_WARN_DEPRECATED_OBJC_IMPLEMENTATIONS = YES;
				CLANG_WARN_DIRECT_OBJC_ISA_USAGE = YES_ERROR;
				CLANG_WARN_DOCUMENTATION_COMMENTS = YES;
				CLANG_WARN_EMPTY_BODY = YES;
				CLANG_WARN_ENUM_CONVERSION = YES;
				CLANG_WARN_INFINITE_RECURSION = YES;
				CLANG_WARN_INT_CONVERSION = YES;
				CLANG_WARN_NON_LITERAL_NULL_CONVERSION = YES;
				CLANG_WARN_OBJC_IMPLICIT_RETAIN_SELF = YES;
				CLANG_WARN_OBJC_LITERAL_CONVERSION = YES;
				CLANG_WARN_OBJC_ROOT_CLASS = YES_ERROR;
				CLANG_WARN_RANGE_LOOP_ANALYSIS = YES;
				CLANG_WARN_STRICT_PROTOTYPES = YES;
				CLANG_WARN_SUSPICIOUS_MOVE = YES;
				CLANG_WARN_UNGUARDED_AVAILABILITY = YES_AGGRESSIVE;
				CLANG_WARN_UNREACHABLE_CODE = YES;
				CLANG_WARN__DUPLICATE_METHOD_MATCH = YES;
				CODE_SIGN_IDENTITY = "iPhone Developer";
				COPY_PHASE_STRIP = NO;
				DEBUG_INFORMATION_FORMAT = dwarf;
				ENABLE_STRICT_OBJC_MSGSEND = YES;
				ENABLE_TESTABILITY = YES;
				GCC_C_LANGUAGE_STANDARD = gnu11;
				GCC_DYNAMIC_NO_PIC = NO;
				GCC_NO_COMMON_BLOCKS = YES;
				GCC_OPTIMIZATION_LEVEL = 0;
				GCC_PREPROCESSOR_DEFINITIONS = (
					"DEBUG=1",
					"$(inherited)",
				);
				GCC_WARN_64_TO_32_BIT_CONVERSION = YES;
				GCC_WARN_ABOUT_RETURN_TYPE = YES_ERROR;
				GCC_WARN_UNDECLARED_SELECTOR = YES;
				GCC_WARN_UNINITIALIZED_AUTOS = YES_AGGRESSIVE;
				GCC_WARN_UNUSED_FUNCTION = YES;
				GCC_WARN_UNUSED_VARIABLE = YES;
				IPHONEOS_DEPLOYMENT_TARGET = 11.3;
				MTL_ENABLE_DEBUG_INFO = YES;
				ONLY_ACTIVE_ARCH = YES;
				SDKROOT = iphoneos;
				SWIFT_ACTIVE_COMPILATION_CONDITIONS = DEBUG;
				SWIFT_OPTIMIZATION_LEVEL = "-Onone";
			};
			name = Debug;
		};
		DC3BD4B520A3591F0043B49C /* Release */ = {
			isa = XCBuildConfiguration;
			buildSettings = {
				ALWAYS_SEARCH_USER_PATHS = NO;
				CLANG_ANALYZER_NONNULL = YES;
				CLANG_ANALYZER_NUMBER_OBJECT_CONVERSION = YES_AGGRESSIVE;
				CLANG_CXX_LANGUAGE_STANDARD = "gnu++14";
				CLANG_CXX_LIBRARY = "libc++";
				CLANG_ENABLE_MODULES = YES;
				CLANG_ENABLE_OBJC_ARC = YES;
				CLANG_ENABLE_OBJC_WEAK = YES;
				CLANG_WARN_BLOCK_CAPTURE_AUTORELEASING = YES;
				CLANG_WARN_BOOL_CONVERSION = YES;
				CLANG_WARN_COMMA = YES;
				CLANG_WARN_CONSTANT_CONVERSION = YES;
				CLANG_WARN_DEPRECATED_OBJC_IMPLEMENTATIONS = YES;
				CLANG_WARN_DIRECT_OBJC_ISA_USAGE = YES_ERROR;
				CLANG_WARN_DOCUMENTATION_COMMENTS = YES;
				CLANG_WARN_EMPTY_BODY = YES;
				CLANG_WARN_ENUM_CONVERSION = YES;
				CLANG_WARN_INFINITE_RECURSION = YES;
				CLANG_WARN_INT_CONVERSION = YES;
				CLANG_WARN_NON_LITERAL_NULL_CONVERSION = YES;
				CLANG_WARN_OBJC_IMPLICIT_RETAIN_SELF = YES;
				CLANG_WARN_OBJC_LITERAL_CONVERSION = YES;
				CLANG_WARN_OBJC_ROOT_CLASS = YES_ERROR;
				CLANG_WARN_RANGE_LOOP_ANALYSIS = YES;
				CLANG_WARN_STRICT_PROTOTYPES = YES;
				CLANG_WARN_SUSPICIOUS_MOVE = YES;
				CLANG_WARN_UNGUARDED_AVAILABILITY = YES_AGGRESSIVE;
				CLANG_WARN_UNREACHABLE_CODE = YES;
				CLANG_WARN__DUPLICATE_METHOD_MATCH = YES;
				CODE_SIGN_IDENTITY = "iPhone Developer";
				COPY_PHASE_STRIP = NO;
				DEBUG_INFORMATION_FORMAT = "dwarf-with-dsym";
				ENABLE_NS_ASSERTIONS = NO;
				ENABLE_STRICT_OBJC_MSGSEND = YES;
				GCC_C_LANGUAGE_STANDARD = gnu11;
				GCC_NO_COMMON_BLOCKS = YES;
				GCC_WARN_64_TO_32_BIT_CONVERSION = YES;
				GCC_WARN_ABOUT_RETURN_TYPE = YES_ERROR;
				GCC_WARN_UNDECLARED_SELECTOR = YES;
				GCC_WARN_UNINITIALIZED_AUTOS = YES_AGGRESSIVE;
				GCC_WARN_UNUSED_FUNCTION = YES;
				GCC_WARN_UNUSED_VARIABLE = YES;
				IPHONEOS_DEPLOYMENT_TARGET = 11.3;
				MTL_ENABLE_DEBUG_INFO = NO;
				SDKROOT = iphoneos;
				SWIFT_COMPILATION_MODE = wholemodule;
				SWIFT_OPTIMIZATION_LEVEL = "-O";
				VALIDATE_PRODUCT = YES;
			};
			name = Release;
		};
		DC3BD4B720A3591F0043B49C /* Debug */ = {
			isa = XCBuildConfiguration;
			buildSettings = {
				ASSETCATALOG_COMPILER_APPICON_NAME = AppIcon;
				CODE_SIGN_STYLE = Manual;
				DEVELOPMENT_TEAM = "";
				FRAMEWORK_SEARCH_PATHS = (
					"$(inherited)",
					"$(PROJECT_DIR)/Carthage/Build/iOS",
				);
				INFOPLIST_FILE = "$(SRCROOT)/Pokemon Tabletop Adventure/Supporting Files/Info.plist";
				IPHONEOS_DEPLOYMENT_TARGET = 10.0;
				LD_RUNPATH_SEARCH_PATHS = (
					"$(inherited)",
					"@executable_path/Frameworks",
				);
				PRODUCT_BUNDLE_IDENTIFIER = "uk.co.weatherbear.Pokemon-Tabletop-Adventure";
				PRODUCT_NAME = "$(TARGET_NAME)";
				PROVISIONING_PROFILE_SPECIFIER = "";
				SWIFT_VERSION = 4.0;
				TARGETED_DEVICE_FAMILY = "1,2";
			};
			name = Debug;
		};
		DC3BD4B820A3591F0043B49C /* Release */ = {
			isa = XCBuildConfiguration;
			buildSettings = {
				ASSETCATALOG_COMPILER_APPICON_NAME = AppIcon;
				CODE_SIGN_STYLE = Manual;
				DEVELOPMENT_TEAM = "";
				FRAMEWORK_SEARCH_PATHS = (
					"$(inherited)",
					"$(PROJECT_DIR)/Carthage/Build/iOS",
				);
				INFOPLIST_FILE = "$(SRCROOT)/Pokemon Tabletop Adventure/Supporting Files/Info.plist";
				IPHONEOS_DEPLOYMENT_TARGET = 10.0;
				LD_RUNPATH_SEARCH_PATHS = (
					"$(inherited)",
					"@executable_path/Frameworks",
				);
				PRODUCT_BUNDLE_IDENTIFIER = "uk.co.weatherbear.Pokemon-Tabletop-Adventure";
				PRODUCT_NAME = "$(TARGET_NAME)";
				PROVISIONING_PROFILE_SPECIFIER = "";
				SWIFT_VERSION = 4.0;
				TARGETED_DEVICE_FAMILY = "1,2";
			};
			name = Release;
		};
		DC3BD4BA20A3591F0043B49C /* Debug */ = {
			isa = XCBuildConfiguration;
			buildSettings = {
				ALWAYS_EMBED_SWIFT_STANDARD_LIBRARIES = YES;
				BUNDLE_LOADER = "$(TEST_HOST)";
				CODE_SIGN_STYLE = Automatic;
				INFOPLIST_FILE = "$(SRCROOT)/Pokemon Tabletop AdventureTests/Supporting Files/Info.plist";
				LD_RUNPATH_SEARCH_PATHS = (
					"$(inherited)",
					"@executable_path/Frameworks",
					"@loader_path/Frameworks",
				);
				PRODUCT_BUNDLE_IDENTIFIER = "uk.co.weatherbear.Pokemon-Tabletop-AdventureTests";
				PRODUCT_NAME = "$(TARGET_NAME)";
				SWIFT_VERSION = 4.0;
				TARGETED_DEVICE_FAMILY = "1,2";
				TEST_HOST = "$(BUILT_PRODUCTS_DIR)/Pokemon Tabletop Adventure.app/Pokemon Tabletop Adventure";
			};
			name = Debug;
		};
		DC3BD4BB20A3591F0043B49C /* Release */ = {
			isa = XCBuildConfiguration;
			buildSettings = {
				ALWAYS_EMBED_SWIFT_STANDARD_LIBRARIES = YES;
				BUNDLE_LOADER = "$(TEST_HOST)";
				CODE_SIGN_STYLE = Automatic;
				INFOPLIST_FILE = "$(SRCROOT)/Pokemon Tabletop AdventureTests/Supporting Files/Info.plist";
				LD_RUNPATH_SEARCH_PATHS = (
					"$(inherited)",
					"@executable_path/Frameworks",
					"@loader_path/Frameworks",
				);
				PRODUCT_BUNDLE_IDENTIFIER = "uk.co.weatherbear.Pokemon-Tabletop-AdventureTests";
				PRODUCT_NAME = "$(TARGET_NAME)";
				SWIFT_VERSION = 4.0;
				TARGETED_DEVICE_FAMILY = "1,2";
				TEST_HOST = "$(BUILT_PRODUCTS_DIR)/Pokemon Tabletop Adventure.app/Pokemon Tabletop Adventure";
			};
			name = Release;
		};
		DC3BD4BD20A3591F0043B49C /* Debug */ = {
			isa = XCBuildConfiguration;
			buildSettings = {
				ALWAYS_EMBED_SWIFT_STANDARD_LIBRARIES = YES;
				CODE_SIGN_STYLE = Automatic;
				INFOPLIST_FILE = "$(SRCROOT)/Pokemon Tabletop AdventureUITests/Supporting Files/Info.plist";
				LD_RUNPATH_SEARCH_PATHS = (
					"$(inherited)",
					"@executable_path/Frameworks",
					"@loader_path/Frameworks",
				);
				PRODUCT_BUNDLE_IDENTIFIER = "uk.co.weatherbear.Pokemon-Tabletop-AdventureUITests";
				PRODUCT_NAME = "$(TARGET_NAME)";
				SWIFT_VERSION = 4.0;
				TARGETED_DEVICE_FAMILY = "1,2";
				TEST_TARGET_NAME = "Pokemon Tabletop Adventure";
			};
			name = Debug;
		};
		DC3BD4BE20A3591F0043B49C /* Release */ = {
			isa = XCBuildConfiguration;
			buildSettings = {
				ALWAYS_EMBED_SWIFT_STANDARD_LIBRARIES = YES;
				CODE_SIGN_STYLE = Automatic;
				INFOPLIST_FILE = "$(SRCROOT)/Pokemon Tabletop AdventureUITests/Supporting Files/Info.plist";
				LD_RUNPATH_SEARCH_PATHS = (
					"$(inherited)",
					"@executable_path/Frameworks",
					"@loader_path/Frameworks",
				);
				PRODUCT_BUNDLE_IDENTIFIER = "uk.co.weatherbear.Pokemon-Tabletop-AdventureUITests";
				PRODUCT_NAME = "$(TARGET_NAME)";
				SWIFT_VERSION = 4.0;
				TARGETED_DEVICE_FAMILY = "1,2";
				TEST_TARGET_NAME = "Pokemon Tabletop Adventure";
			};
			name = Release;
		};
/* End XCBuildConfiguration section */

/* Begin XCConfigurationList section */
		DC3BD48620A3591D0043B49C /* Build configuration list for PBXProject "Pokemon Tabletop Adventure" */ = {
			isa = XCConfigurationList;
			buildConfigurations = (
				DC3BD4B420A3591F0043B49C /* Debug */,
				DC3BD4B520A3591F0043B49C /* Release */,
			);
			defaultConfigurationIsVisible = 0;
			defaultConfigurationName = Release;
		};
		DC3BD4B620A3591F0043B49C /* Build configuration list for PBXNativeTarget "Pokemon Tabletop Adventure" */ = {
			isa = XCConfigurationList;
			buildConfigurations = (
				DC3BD4B720A3591F0043B49C /* Debug */,
				DC3BD4B820A3591F0043B49C /* Release */,
			);
			defaultConfigurationIsVisible = 0;
			defaultConfigurationName = Release;
		};
		DC3BD4B920A3591F0043B49C /* Build configuration list for PBXNativeTarget "Pokemon Tabletop AdventureTests" */ = {
			isa = XCConfigurationList;
			buildConfigurations = (
				DC3BD4BA20A3591F0043B49C /* Debug */,
				DC3BD4BB20A3591F0043B49C /* Release */,
			);
			defaultConfigurationIsVisible = 0;
			defaultConfigurationName = Release;
		};
		DC3BD4BC20A3591F0043B49C /* Build configuration list for PBXNativeTarget "Pokemon Tabletop AdventureUITests" */ = {
			isa = XCConfigurationList;
			buildConfigurations = (
				DC3BD4BD20A3591F0043B49C /* Debug */,
				DC3BD4BE20A3591F0043B49C /* Release */,
			);
			defaultConfigurationIsVisible = 0;
			defaultConfigurationName = Release;
		};
/* End XCConfigurationList section */

/* Begin XCVersionGroup section */
		DC3BD49520A3591D0043B49C /* Pokemon_Tabletop_Adventure.xcdatamodeld */ = {
			isa = XCVersionGroup;
			children = (
				DC3BD49620A3591D0043B49C /* Pokemon_Tabletop_Adventure.xcdatamodel */,
			);
			currentVersion = DC3BD49620A3591D0043B49C /* Pokemon_Tabletop_Adventure.xcdatamodel */;
			path = Pokemon_Tabletop_Adventure.xcdatamodeld;
			sourceTree = "<group>";
			versionGroupType = wrapper.xcdatamodel;
		};
/* End XCVersionGroup section */
	};
	rootObject = DC3BD48320A3591D0043B49C /* Project object */;
}
